
Microsoft Visual Studio Solution File, Format Version 12.00
# Visual Studio 2017
Project("{FAE04EC0-301F-11D3-BF4B-00C04F79EFBC}") = "GUNnext", "GUNnext.csproj", "{C47DA0FA-2599-E200-4782-28A688D61B60}"
EndProject
Global
	GlobalSection(SolutionConfigurationPlatforms) = preSolution
		Debug|Any CPU = Debug|Any CPU
		Release|Any CPU = Release|Any CPU
	EndGlobalSection
	GlobalSection(ProjectConfigurationPlatforms) = postSolution
		{C47DA0FA-2599-E200-4782-28A688D61B60}.Debug|Any CPU.ActiveCfg = Debug|Any CPU
		{C47DA0FA-2599-E200-4782-28A688D61B60}.Debug|Any CPU.Build.0 = Debug|Any CPU
		{C47DA0FA-2599-E200-4782-28A688D61B60}.Release|Any CPU.ActiveCfg = Release|Any CPU
		{C47DA0FA-2599-E200-4782-28A688D61B60}.Release|Any CPU.Build.0 = Release|Any CPU
	EndGlobalSection
	GlobalSection(SolutionProperties) = preSolution
		HideSolutionNode = FALSE
	EndGlobalSection
EndGlobal
